
Microsoft Visual Studio Solution File, Format Version 12.00
# Visual Studio Version 17
VisualStudioVersion = 17.14.36518.9 d17.14
MinimumVisualStudioVersion = 10.0.40219.1
Project("{FAE04EC0-301F-11D3-BF4B-00C04F79EFBC}") = "PropertyManagement.API", "PropertyManagement.API.csproj", "{AC35CA27-E2EC-4273-AB57-847571EE179B}"
EndProject
Global
	GlobalSection(SolutionConfigurationPlatforms) = preSolution
		Debug|Any CPU = Debug|Any CPU
		Release|Any CPU = Release|Any CPU
	EndGlobalSection
	GlobalSection(ProjectConfigurationPlatforms) = postSolution
		{AC35CA27-E2EC-4273-AB57-847571EE179B}.Debug|Any CPU.ActiveCfg = Debug|Any CPU
		{AC35CA27-E2EC-4273-AB57-847571EE179B}.Debug|Any CPU.Build.0 = Debug|Any CPU
		{AC35CA27-E2EC-4273-AB57-847571EE179B}.Release|Any CPU.ActiveCfg = Release|Any CPU
		{AC35CA27-E2EC-4273-AB57-847571EE179B}.Release|Any CPU.Build.0 = Release|Any CPU
	EndGlobalSection
	GlobalSection(SolutionProperties) = preSolution
		HideSolutionNode = FALSE
	EndGlobalSection
	GlobalSection(ExtensibilityGlobals) = postSolution
		SolutionGuid = {985FF3FE-C2F6-432C-AA02-4EF68C5DF06A}
	EndGlobalSection
EndGlobal
